// !$*UTF8*$!
{
	archiveVersion = 1;
	classes = {
	};
	objectVersion = 50;
	objects = {

/* Begin PBXBuildFile section */
		3362308D2386B9DC00F91463 /* AppDelegate.swift in Sources */ = {isa = PBXBuildFile; fileRef = 3362308C2386B9DC00F91463 /* AppDelegate.swift */; };
		3362308F2386B9DC00F91463 /* SceneDelegate.swift in Sources */ = {isa = PBXBuildFile; fileRef = 3362308E2386B9DC00F91463 /* SceneDelegate.swift */; };
		336230912386B9DC00F91463 /* ContentView.swift in Sources */ = {isa = PBXBuildFile; fileRef = 336230902386B9DC00F91463 /* ContentView.swift */; };
		336230932386B9DF00F91463 /* Assets.xcassets in Resources */ = {isa = PBXBuildFile; fileRef = 336230922386B9DF00F91463 /* Assets.xcassets */; };
		336230962386B9DF00F91463 /* Preview Assets.xcassets in Resources */ = {isa = PBXBuildFile; fileRef = 336230952386B9DF00F91463 /* Preview Assets.xcassets */; };
		336230992386B9DF00F91463 /* LaunchScreen.storyboard in Resources */ = {isa = PBXBuildFile; fileRef = 336230972386B9DF00F91463 /* LaunchScreen.storyboard */; };
/* End PBXBuildFile section */

/* Begin PBXFileReference section */
		336230892386B9DC00F91463 /* Dicee-swiftUI.app */ = {isa = PBXFileReference; explicitFileType = wrapper.application; includeInIndex = 0; path = "Dicee-swiftUI.app"; sourceTree = BUILT_PRODUCTS_DIR; };
		3362308C2386B9DC00F91463 /* AppDelegate.swift */ = {isa = PBXFileReference; lastKnownFileType = sourcecode.swift; path = AppDelegate.swift; sourceTree = "<group>"; };
		3362308E2386B9DC00F91463 /* SceneDelegate.swift */ = {isa = PBXFileReference; lastKnownFileType = sourcecode.swift; path = SceneDelegate.swift; sourceTree = "<group>"; };
		336230902386B9DC00F91463 /* ContentView.swift */ = {isa = PBXFileReference; lastKnownFileType = sourcecode.swift; path = ContentView.swift; sourceTree = "<group>"; };
		336230922386B9DF00F91463 /* Assets.xcassets */ = {isa = PBXFileReference; lastKnownFileType = folder.assetcatalog; path = Assets.xcassets; sourceTree = "<group>"; };
		336230952386B9DF00F91463 /* Preview Assets.xcassets */ = {isa = PBXFileReference; lastKnownFileType = folder.assetcatalog; path = "Preview Assets.xcassets"; sourceTree = "<group>"; };
		336230982386B9DF00F91463 /* Base */ = {isa = PBXFileReference; lastKnownFileType = file.storyboard; name = Base; path = Base.lproj/LaunchScreen.storyboard; sourceTree = "<group>"; };
		3362309A2386B9DF00F91463 /* Info.plist */ = {isa = PBXFileReference; lastKnownFileType = text.plist.xml; path = Info.plist; sourceTree = "<group>"; };
/* End PBXFileReference section */

/* Begin PBXFrameworksBuildPhase section */
		336230862386B9DC00F91463 /* Frameworks */ = {
			isa = PBXFrameworksBuildPhase;
			buildActionMask = 2147483647;
			files = (
			);
			runOnlyForDeploymentPostprocessing = 0;
		};
/* End PBXFrameworksBuildPhase section */

/* Begin PBXGroup section */
		336230802386B9DC00F91463 = {
			isa = PBXGroup;
			children = (
				3362308B2386B9DC00F91463 /* Dicee-swiftUI */,
				3362308A2386B9DC00F91463 /* Products */,
			);
			sourceTree = "<group>";
		};
		3362308A2386B9DC00F91463 /* Products */ = {
			isa = PBXGroup;
			children = (
				336230892386B9DC00F91463 /* Dicee-swiftUI.app */,
			);
			name = Products;
			sourceTree = "<group>";
		};
		3362308B2386B9DC00F91463 /* Dicee-swiftUI */ = {
			isa = PBXGroup;
			children = (
				3362308C2386B9DC00F91463 /* AppDelegate.swift */,
				3362308E2386B9DC00F91463 /* SceneDelegate.swift */,
				336230902386B9DC00F91463 /* ContentView.swift */,
				336230922386B9DF00F91463 /* Assets.xcassets */,
				336230972386B9DF00F91463 /* LaunchScreen.storyboard */,
				3362309A2386B9DF00F91463 /* Info.plist */,
				336230942386B9DF00F91463 /* Preview Content */,
			);
			path = "Dicee-swiftUI";
			sourceTree = "<group>";
		};
		336230942386B9DF00F91463 /* Preview Content */ = {
			isa = PBXGroup;
			children = (
				336230952386B9DF00F91463 /* Preview Assets.xcassets */,
			);
			path = "Preview Content";
			sourceTree = "<group>";
		};
/* End PBXGroup section */

/* Begin PBXNativeTarget section */
		336230882386B9DC00F91463 /* Dicee-swiftUI */ = {
			isa = PBXNativeTarget;
			buildConfigurationList = 3362309D2386B9DF00F91463 /* Build configuration list for PBXNativeTarget "Dicee-swiftUI" */;
			buildPhases = (
				336230852386B9DC00F91463 /* Sources */,
				336230862386B9DC00F91463 /* Frameworks */,
				336230872386B9DC00F91463 /* Resources */,
			);
			buildRules = (
			);
			dependencies = (
			);
			name = "Dicee-swiftUI";
			productName = "Dicee-swiftUI";
			productReference = 336230892386B9DC00F91463 /* Dicee-swiftUI.app */;
			productType = "com.apple.product-type.application";
		};
/* End PBXNativeTarget section */

/* Begin PBXProject section */
		336230812386B9DC00F91463 /* Project object */ = {
			isa = PBXProject;
			attributes = {
				LastSwiftUpdateCheck = 1110;
				LastUpgradeCheck = 1110;
				ORGANIZATIONNAME = "Dariusz Urbanczyk";
				TargetAttributes = {
					336230882386B9DC00F91463 = {
						CreatedOnToolsVersion = 11.1;
					};
				};
			};
			buildConfigurationList = 336230842386B9DC00F91463 /* Build configuration list for PBXProject "Dicee-swiftUI" */;
			compatibilityVersion = "Xcode 9.3";
			developmentRegion = en;
			hasScannedForEncodings = 0;
			knownRegions = (
				en,
				Base,
			);
			mainGroup = 336230802386B9DC00F91463;
			productRefGroup = 3362308A2386B9DC00F91463 /* Products */;
			projectDirPath = "";
			projectRoot = "";
			targets = (
				336230882386B9DC00F91463 /* Dicee-swiftUI */,
			);
		};
/* End PBXProject section */

/* Begin PBXResourcesBuildPhase section */
		336230872386B9DC00F91463 /* Resources */ = {
			isa = PBXResourcesBuildPhase;
			buildActionMask = 2147483647;
			files = (
				336230992386B9DF00F91463 /* LaunchScreen.storyboard in Resources */,
				336230962386B9DF00F91463 /* Preview Assets.xcassets in Resources */,
				336230932386B9DF00F91463 /* Assets.xcassets in Resources */,
			);
			runOnlyForDeploymentPostprocessing = 0;
		};
/* End PBXResourcesBuildPhase section */

/* Begin PBXSourcesBuildPhase section */
		336230852386B9DC00F91463 /* Sources */ = {
			isa = PBXSourcesBuildPhase;
			buildActionMask = 2147483647;
			files = (
				3362308D2386B9DC00F91463 /* AppDelegate.swift in Sources */,
				3362308F2386B9DC00F91463 /* SceneDelegate.swift in Sources */,
				336230912386B9DC00F91463 /* ContentView.swift in Sources */,
			);
			runOnlyForDeploymentPostprocessing = 0;
		};
/* End PBXSourcesBuildPhase section */

/* Begin PBXVariantGroup section */
		336230972386B9DF00F91463 /* LaunchScreen.storyboard */ = {
			isa = PBXVariantGroup;
			children = (
				336230982386B9DF00F91463 /* Base */,
			);
			name = LaunchScreen.storyboard;
			sourceTree = "<group>";
		};
/* End PBXVariantGroup section */

/* Begin XCBuildConfiguration section */
		3362309B2386B9DF00F91463 /* Debug */ = {
			isa = XCBuildConfiguration;
			buildSettings = {
				ALWAYS_SEARCH_USER_PATHS = NO;
				CLANG_ANALYZER_NONNULL = YES;
				CLANG_ANALYZER_NUMBER_OBJECT_CONVERSION = YES_AGGRESSIVE;
				CLANG_CXX_LANGUAGE_STANDARD = "gnu++14";
				CLANG_CXX_LIBRARY = "libc++";
				CLANG_ENABLE_MODULES = YES;
				CLANG_ENABLE_OBJC_ARC = YES;
				CLANG_ENABLE_OBJC_WEAK = YES;
				CLANG_WARN_BLOCK_CAPTURE_AUTORELEASING = YES;
				CLANG_WARN_BOOL_CONVERSION = YES;
				CLANG_WARN_COMMA = YES;
				CLANG_WARN_CONSTANT_CONVERSION = YES;
				CLANG_WARN_DEPRECATED_OBJC_IMPLEMENTATIONS = YES;
				CLANG_WARN_DIRECT_OBJC_ISA_USAGE = YES_ERROR;
				CLANG_WARN_DOCUMENTATION_COMMENTS = YES;
				CLANG_WARN_EMPTY_BODY = YES;
				CLANG_WARN_ENUM_CONVERSION = YES;
				CLANG_WARN_INFINITE_RECURSION = YES;
				CLANG_WARN_INT_CONVERSION = YES;
				CLANG_WARN_NON_LITERAL_NULL_CONVERSION = YES;
				CLANG_WARN_OBJC_IMPLICIT_RETAIN_SELF = YES;
				CLANG_WARN_OBJC_LITERAL_CONVERSION = YES;
				CLANG_WARN_OBJC_ROOT_CLASS = YES_ERROR;
				CLANG_WARN_RANGE_LOOP_ANALYSIS = YES;
				CLANG_WARN_STRICT_PROTOTYPES = YES;
				CLANG_WARN_SUSPICIOUS_MOVE = YES;
				CLANG_WARN_UNGUARDED_AVAILABILITY = YES_AGGRESSIVE;
				CLANG_WARN_UNREACHABLE_CODE = YES;
				CLANG_WARN__DUPLICATE_METHOD_MATCH = YES;
				COPY_PHASE_STRIP = NO;
				DEBUG_INFORMATION_FORMAT = dwarf;
				ENABLE_STRICT_OBJC_MSGSEND = YES;
				ENABLE_TESTABILITY = YES;
				GCC_C_LANGUAGE_STANDARD = gnu11;
				GCC_DYNAMIC_NO_PIC = NO;
				GCC_NO_COMMON_BLOCKS = YES;
				GCC_OPTIMIZATION_LEVEL = 0;
				GCC_PREPROCESSOR_DEFINITIONS = (
					"DEBUG=1",
					"$(inherited)",
				);
				GCC_WARN_64_TO_32_BIT_CONVERSION = YES;
				GCC_WARN_ABOUT_RETURN_TYPE = YES_ERROR;
				GCC_WARN_UNDECLARED_SELECTOR = YES;
				GCC_WARN_UNINITIALIZED_AUTOS = YES_AGGRESSIVE;
				GCC_WARN_UNUSED_FUNCTION = YES;
				GCC_WARN_UNUSED_VARIABLE = YES;
				IPHONEOS_DEPLOYMENT_TARGET = 13.1;
				MTL_ENABLE_DEBUG_INFO = INCLUDE_SOURCE;
				MTL_FAST_MATH = YES;
				ONLY_ACTIVE_ARCH = YES;
				SDKROOT = iphoneos;
				SWIFT_ACTIVE_COMPILATION_CONDITIONS = DEBUG;
				SWIFT_OPTIMIZATION_LEVEL = "-Onone";
			};
			name = Debug;
		};
		3362309C2386B9DF00F91463 /* Release */ = {
			isa = XCBuildConfiguration;
			buildSettings = {
				ALWAYS_SEARCH_USER_PATHS = NO;
				CLANG_ANALYZER_NONNULL = YES;
				CLANG_ANALYZER_NUMBER_OBJECT_CONVERSION = YES_AGGRESSIVE;
				CLANG_CXX_LANGUAGE_STANDARD = "gnu++14";
				CLANG_CXX_LIBRARY = "libc++";
				CLANG_ENABLE_MODULES = YES;
				CLANG_ENABLE_OBJC_ARC = YES;
				CLANG_ENABLE_OBJC_WEAK = YES;
				CLANG_WARN_BLOCK_CAPTURE_AUTORELEASING = YES;
				CLANG_WARN_BOOL_CONVERSION = YES;
				CLANG_WARN_COMMA = YES;
				CLANG_WARN_CONSTANT_CONVERSION = YES;
				CLANG_WARN_DEPRECATED_OBJC_IMPLEMENTATIONS = YES;
				CLANG_WARN_DIRECT_OBJC_ISA_USAGE = YES_ERROR;
				CLANG_WARN_DOCUMENTATION_COMMENTS = YES;
				CLANG_WARN_EMPTY_BODY = YES;
				CLANG_WARN_ENUM_CONVERSION = YES;
				CLANG_WARN_INFINITE_RECURSION = YES;
				CLANG_WARN_INT_CONVERSION = YES;
				CLANG_WARN_NON_LITERAL_NULL_CONVERSION = YES;
				CLANG_WARN_OBJC_IMPLICIT_RETAIN_SELF = YES;
				CLANG_WARN_OBJC_LITERAL_CONVERSION = YES;
				CLANG_WARN_OBJC_ROOT_CLASS = YES_ERROR;
				CLANG_WARN_RANGE_LOOP_ANALYSIS = YES;
				CLANG_WARN_STRICT_PROTOTYPES = YES;
				CLANG_WARN_SUSPICIOUS_MOVE = YES;
				CLANG_WARN_UNGUARDED_AVAILABILITY = YES_AGGRESSIVE;
				CLANG_WARN_UNREACHABLE_CODE = YES;
				CLANG_WARN__DUPLICATE_METHOD_MATCH = YES;
				COPY_PHASE_STRIP = NO;
				DEBUG_INFORMATION_FORMAT = "dwarf-with-dsym";
				ENABLE_NS_ASSERTIONS = NO;
				ENABLE_STRICT_OBJC_MSGSEND = YES;
				GCC_C_LANGUAGE_STANDARD = gnu11;
				GCC_NO_COMMON_BLOCKS = YES;
				GCC_WARN_64_TO_32_BIT_CONVERSION = YES;
				GCC_WARN_ABOUT_RETURN_TYPE = YES_ERROR;
				GCC_WARN_UNDECLARED_SELECTOR = YES;
				GCC_WARN_UNINITIALIZED_AUTOS = YES_AGGRESSIVE;
				GCC_WARN_UNUSED_FUNCTION = YES;
				GCC_WARN_UNUSED_VARIABLE = YES;
				IPHONEOS_DEPLOYMENT_TARGET = 13.1;
				MTL_ENABLE_DEBUG_INFO = NO;
				MTL_FAST_MATH = YES;
				SDKROOT = iphoneos;
				SWIFT_COMPILATION_MODE = wholemodule;
				SWIFT_OPTIMIZATION_LEVEL = "-O";
				VALIDATE_PRODUCT = YES;
			};
			name = Release;
		};
		3362309E2386B9DF00F91463 /* Debug */ = {
			isa = XCBuildConfiguration;
			buildSettings = {
				ASSETCATALOG_COMPILER_APPICON_NAME = AppIcon;
				CODE_SIGN_STYLE = Automatic;
				DEVELOPMENT_ASSET_PATHS = "\"Dicee-swiftUI/Preview Content\"";
				DEVELOPMENT_TEAM = 5JX3W6RXKN;
				ENABLE_PREVIEWS = YES;
				INFOPLIST_FILE = "Dicee-swiftUI/Info.plist";
				LD_RUNPATH_SEARCH_PATHS = (
					"$(inherited)",
					"@executable_path/Frameworks",
				);
				PRODUCT_BUNDLE_IDENTIFIER = "dariusz.Dicee-swiftUI";
				PRODUCT_NAME = "$(TARGET_NAME)";
				SWIFT_VERSION = 5.0;
				TARGETED_DEVICE_FAMILY = "1,2";
			};
			name = Debug;
		};
		3362309F2386B9DF00F91463 /* Release */ = {
			isa = XCBuildConfiguration;
			buildSettings = {
				ASSETCATALOG_COMPILER_APPICON_NAME = AppIcon;
				CODE_SIGN_STYLE = Automatic;
				DEVELOPMENT_ASSET_PATHS = "\"Dicee-swiftUI/Preview Content\"";
				DEVELOPMENT_TEAM = 5JX3W6RXKN;
				ENABLE_PREVIEWS = YES;
				INFOPLIST_FILE = "Dicee-swiftUI/Info.plist";
				LD_RUNPATH_SEARCH_PATHS = (
					"$(inherited)",
					"@executable_path/Frameworks",
				);
				PRODUCT_BUNDLE_IDENTIFIER = "dariusz.Dicee-swiftUI";
				PRODUCT_NAME = "$(TARGET_NAME)";
				SWIFT_VERSION = 5.0;
				TARGETED_DEVICE_FAMILY = "1,2";
			};
			name = Release;
		};
/* End XCBuildConfiguration section */

/* Begin XCConfigurationList section */
		336230842386B9DC00F91463 /* Build configuration list for PBXProject "Dicee-swiftUI" */ = {
			isa = XCConfigurationList;
			buildConfigurations = (
				3362309B2386B9DF00F91463 /* Debug */,
				3362309C2386B9DF00F91463 /* Release */,
			);
			defaultConfigurationIsVisible = 0;
			defaultConfigurationName = Release;
		};
		3362309D2386B9DF00F91463 /* Build configuration list for PBXNativeTarget "Dicee-swiftUI" */ = {
			isa = XCConfigurationList;
			buildConfigurations = (
				3362309E2386B9DF00F91463 /* Debug */,
				3362309F2386B9DF00F91463 /* Release */,
			);
			defaultConfigurationIsVisible = 0;
			defaultConfigurationName = Release;
		};
/* End XCConfigurationList section */
	};
	rootObject = 336230812386B9DC00F91463 /* Project object */;
}
